
Microsoft Visual Studio Solution File, Format Version 12.00
# Visual Studio Version 17
VisualStudioVersion = 17.4.33122.133
MinimumVisualStudioVersion = 10.0.40219.1
Project("{FAE04EC0-301F-11D3-BF4B-00C04F79EFBC}") = "SOLID_PRINCIPLES", "SOLID_PRINCIPLES\SOLID_PRINCIPLES.csproj", "{1F93ACBC-DCBC-4C80-B83D-FABA288DC8F7}"
EndProject
Global
	GlobalSection(SolutionConfigurationPlatforms) = preSolution
		Debug|Any CPU = Debug|Any CPU
		Release|Any CPU = Release|Any CPU
	EndGlobalSection
	GlobalSection(ProjectConfigurationPlatforms) = postSolution
		{1F93ACBC-DCBC-4C80-B83D-FABA288DC8F7}.Debug|Any CPU.ActiveCfg = Debug|Any CPU
		{1F93ACBC-DCBC-4C80-B83D-FABA288DC8F7}.Debug|Any CPU.Build.0 = Debug|Any CPU
		{1F93ACBC-DCBC-4C80-B83D-FABA288DC8F7}.Release|Any CPU.ActiveCfg = Release|Any CPU
		{1F93ACBC-DCBC-4C80-B83D-FABA288DC8F7}.Release|Any CPU.Build.0 = Release|Any CPU
	EndGlobalSection
	GlobalSection(SolutionProperties) = preSolution
		HideSolutionNode = FALSE
	EndGlobalSection
	GlobalSection(ExtensibilityGlobals) = postSolution
		SolutionGuid = {1FC56CB4-8BC7-4BCD-99A3-D1F2EDB4A28E}
	EndGlobalSection
EndGlobal
